# THIS IS AN AUTOGENERATED FILE. DO NOT EDIT THIS FILE DIRECTLY.
# yarn lockfile v1


foundation-sites@^6.3.0:
  version "6.3.0"
  resolved "https://registry.yarnpkg.com/foundation-sites/-/foundation-sites-6.3.0.tgz#19b2d6e5edced8418a4a7b4a1d65287ee1c8d512"
  dependencies:
    jquery "^2.2.0"
    what-input "^4.0.3"

jquery@^2.2.0:
  version "2.2.4"
  resolved "https://registry.yarnpkg.com/jquery/-/jquery-2.2.4.tgz#2c89d6889b5eac522a7eea32c14521559c6cbf02"

what-input@^4.0.3:
  version "4.0.4"
  resolved "https://registry.yarnpkg.com/what-input/-/what-input-4.0.4.tgz#14bf1a8c5eb31cdc7b6e0f3d7f23739fd92367c7"
